# This file is generated by running "yarn install" inside your project.
# Manual changes might be lost - proceed with caution!

__metadata:
  version: 8
  cacheKey: 10c0

"@babel/runtime@npm:^7.18.9, @babel/runtime@npm:^7.20.6, @babel/runtime@npm:^7.21.0, @babel/runtime@npm:^7.24.4, @babel/runtime@npm:^7.25.6, @babel/runtime@npm:^7.28.3":
  version: 7.28.3
  resolution: "@babel/runtime@npm:7.28.3"
  checksum: 10c0/b360f82c2c5114f2a062d4d143d7b4ec690094764853937110585a9497977aed66c102166d0e404766c274e02a50ffb8f6d77fef7251ecf3f607f0e03e6397bc
  languageName: node
  linkType: hard

"@types/prop-types@npm:*":
  version: 15.7.15
  resolution: "@types/prop-types@npm:15.7.15"
  checksum: 10c0/b59aad1ad19bf1733cf524fd4e618196c6c7690f48ee70a327eb450a42aab8e8a063fbe59ca0a5701aebe2d92d582292c0fb845ea57474f6a15f6994b0e260b2
  languageName: node
  linkType: hard

"@types/react@npm:^16.9.11":
  version: 16.14.66
  resolution: "@types/react@npm:16.14.66"
  dependencies:
    "@types/prop-types": "npm:*"
    "@types/scheduler": "npm:^0.16"
    csstype: "npm:^3.0.2"
  checksum: 10c0/3f7bf784b38352ea96f924f12f9744ce6a0ea53bb834a057db96b67a7d78b9819e3aa224a93460178cbc4d75212615df2f83f670c6fb716edda8ee398840975e
  languageName: node
  linkType: hard

"@types/scheduler@npm:^0.16":
  version: 0.16.8
  resolution: "@types/scheduler@npm:0.16.8"
  checksum: 10c0/f86de504945b8fc41b1f391f847444d542e2e4067cf7e5d9bfeb5d2d2393d3203b1161bc0ef3b1e104d828dabfb60baf06e8d2c27e27ff7e8258e6e618d8c4ec
  languageName: node
  linkType: hard

"automation-events@npm:^7.0.9":
  version: 7.1.12
  resolution: "automation-events@npm:7.1.12"
  dependencies:
    "@babel/runtime": "npm:^7.28.3"
    tslib: "npm:^2.8.1"
  checksum: 10c0/a069231a532b8c3e864869a7f2608832dc133702c3039c321331580aa695d6d1fda6aea7b4f238b00d76ff937f3f990c30996c1bb042511a6bc81d823b976e66
  languageName: node
  linkType: hard

"broker-factory@npm:^3.0.75, broker-factory@npm:^3.0.97, broker-factory@npm:^3.1.9":
  version: 3.1.9
  resolution: "broker-factory@npm:3.1.9"
  dependencies:
    "@babel/runtime": "npm:^7.28.3"
    fast-unique-numbers: "npm:^9.0.23"
    tslib: "npm:^2.8.1"
    worker-factory: "npm:^7.0.45"
  checksum: 10c0/d45e4a8b97d0d2565d4e74927ae86807e25b35408d2c7f45a8e5d0c1aa464592439569c63916b9efc033cd1466ac0a8e1f455e3293e4e3945961182dfe669aef
  languageName: node
  linkType: hard

"compilerr@npm:^10.0.2":
  version: 10.0.2
  resolution: "compilerr@npm:10.0.2"
  dependencies:
    "@babel/runtime": "npm:^7.21.0"
    dashify: "npm:^2.0.0"
    indefinite-article: "npm:0.0.2"
    tslib: "npm:^2.5.0"
  checksum: 10c0/05014b7a51b6c6fad695ffffe8b21ba2419cb8e605a73a516103962b1805d7c998b2daebbd8bc77406fe523821d15c71118e578a8cecbdb8ddc3f4275083fc40
  languageName: node
  linkType: hard

"csstype@npm:^3.0.2":
  version: 3.1.3
  resolution: "csstype@npm:3.1.3"
  checksum: 10c0/80c089d6f7e0c5b2bd83cf0539ab41474198579584fa10d86d0cafe0642202343cbc119e076a0b1aece191989477081415d66c9fefbf3c957fc2fc4b7009f248
  languageName: node
  linkType: hard

"dashify@npm:^2.0.0":
  version: 2.0.0
  resolution: "dashify@npm:2.0.0"
  checksum: 10c0/b9ab76cbd9739b6dba4359083cc9a670e6a0876f90ab3409b9984cf386b82a28a89009afe15d13ce62f97bc84ce49be2fe85f3a6791481a8d31e962cd0f0e710
  languageName: node
  linkType: hard

"extendable-media-recorder-wav-encoder-broker@npm:^7.0.100, extendable-media-recorder-wav-encoder-broker@npm:^7.0.121":
  version: 7.0.121
  resolution: "extendable-media-recorder-wav-encoder-broker@npm:7.0.121"
  dependencies:
    "@babel/runtime": "npm:^7.28.3"
    broker-factory: "npm:^3.1.9"
    extendable-media-recorder-wav-encoder-worker: "npm:^8.0.118"
    tslib: "npm:^2.8.1"
  checksum: 10c0/95600ba0162ecfc1fbb7e513959e7469ddf0f07125377c2291192ea22713a40623da9fb92ab9c5a01f3d2ce2d9204aed38cd18ce7fe24ceafe2ddd908bce2ae7
  languageName: node
  linkType: hard

"extendable-media-recorder-wav-encoder-worker@npm:^8.0.118":
  version: 8.0.118
  resolution: "extendable-media-recorder-wav-encoder-worker@npm:8.0.118"
  dependencies:
    "@babel/runtime": "npm:^7.28.3"
    tslib: "npm:^2.8.1"
    worker-factory: "npm:^7.0.45"
  checksum: 10c0/2e023556221582f5de4d0a3138b1ff88ff3263134957f9cfb933e59437336fb364f30939ef292f77a801954cecd4aa1549e751ecd3d0f682fe4b0901dfbf7867
  languageName: node
  linkType: hard

"extendable-media-recorder-wav-encoder@npm:^7.0.68":
  version: 7.0.131
  resolution: "extendable-media-recorder-wav-encoder@npm:7.0.131"
  dependencies:
    "@babel/runtime": "npm:^7.28.3"
    extendable-media-recorder-wav-encoder-broker: "npm:^7.0.121"
    extendable-media-recorder-wav-encoder-worker: "npm:^8.0.118"
    tslib: "npm:^2.8.1"
  checksum: 10c0/13f12bfa869a4fb0bb0cf6546a364e0bea8ec56c28e4b0c9f51d7656a7bc51cda200d747ce703a85bf37489f45c5958f98860ebb2d7293e4fa01c4c40bd6c129
  languageName: node
  linkType: hard

"extendable-media-recorder@npm:^6.6.5":
  version: 6.6.10
  resolution: "extendable-media-recorder@npm:6.6.10"
  dependencies:
    "@babel/runtime": "npm:^7.18.9"
    media-encoder-host: "npm:^8.0.76"
    multi-buffer-data-view: "npm:^3.0.20"
    recorder-audio-worklet: "npm:^5.1.26"
    standardized-audio-context: "npm:^25.3.29"
    subscribable-things: "npm:^2.1.6"
    tslib: "npm:^2.4.0"
  checksum: 10c0/787fa9df042e4424c785dceb7f8d2e1e7d85209ea0f9b86e7a3b2d07ced6dc11604399ef45d57d2cc63570f2166b642ead6e559e5dd547b575570f554a158d60
  languageName: node
  linkType: hard

"fast-unique-numbers@npm:^7.0.2":
  version: 7.0.2
  resolution: "fast-unique-numbers@npm:7.0.2"
  dependencies:
    "@babel/runtime": "npm:^7.21.0"
    tslib: "npm:^2.5.0"
  checksum: 10c0/742d987dac9e2abecb604547e1d50440e6c8f235355f539393b2a3767cd16f4edced14d1699ed68b9f7efdc1a6d3ac119fb370e4e90446f640b042dd5b70d5d0
  languageName: node
  linkType: hard

"fast-unique-numbers@npm:^9.0.23, fast-unique-numbers@npm:^9.0.4":
  version: 9.0.23
  resolution: "fast-unique-numbers@npm:9.0.23"
  dependencies:
    "@babel/runtime": "npm:^7.28.3"
    tslib: "npm:^2.8.1"
  checksum: 10c0/e42f930d71200539738bfe8ba9f5cc7b3ac278493cb101541668d47f59f4b15375932e7396eb027b7b1717a97aeb1798a773890a516b9b55698bd54f8f9063c8
  languageName: node
  linkType: hard

"indefinite-article@npm:0.0.2":
  version: 0.0.2
  resolution: "indefinite-article@npm:0.0.2"
  checksum: 10c0/972ea588dec469ea378cedb0f4dd4140900f1b36f31ecae6704b46684820504f0942f03522f6677f5f799fa831b94eaa4188bcbcaa9c8e635b3153768a04d237
  languageName: node
  linkType: hard

"jsmin@npm:^1.0.1":
  version: 1.0.1
  resolution: "jsmin@npm:1.0.1"
  bin:
    jsmin: ./bin/jsmin
  checksum: 10c0/684cf120a97bb30ba3aff532477a04764800911865045b60249eab936fbaf794d658d8d8befea7017f9b2233a560265d8487da626f47ade9ef4c189299308a51
  languageName: node
  linkType: hard

"media-encoder-host-broker@npm:^7.1.0":
  version: 7.1.0
  resolution: "media-encoder-host-broker@npm:7.1.0"
  dependencies:
    "@babel/runtime": "npm:^7.24.4"
    broker-factory: "npm:^3.0.97"
    fast-unique-numbers: "npm:^9.0.4"
    media-encoder-host-worker: "npm:^9.2.0"
    tslib: "npm:^2.6.2"
  checksum: 10c0/0387ef42930aa757377fb90542feb8dc0bac5a1f0baec97688fad9061afde0dbf1c75f4fe8f04412a087739c738f2556ca03d0d8a1dd5f064d0cad29c5c15c38
  languageName: node
  linkType: hard

"media-encoder-host-worker@npm:^9.2.0":
  version: 9.2.0
  resolution: "media-encoder-host-worker@npm:9.2.0"
  dependencies:
    "@babel/runtime": "npm:^7.24.4"
    extendable-media-recorder-wav-encoder-broker: "npm:^7.0.100"
    tslib: "npm:^2.6.2"
    worker-factory: "npm:^7.0.24"
  checksum: 10c0/5fd1464898ec198e35877ead3e38998c7132425c35e49336986edce048088c1f2d5d3e15baac619cc217904090e8cf0d2a3ca44d6487244fbba3e62f1e58613b
  languageName: node
  linkType: hard

"media-encoder-host@npm:^8.0.76":
  version: 8.1.0
  resolution: "media-encoder-host@npm:8.1.0"
  dependencies:
    "@babel/runtime": "npm:^7.24.4"
    media-encoder-host-broker: "npm:^7.1.0"
    media-encoder-host-worker: "npm:^9.2.0"
    tslib: "npm:^2.6.2"
  checksum: 10c0/e274c446f20a175897ab593bd5bcb9d62dd65e6851a35bb9d117f3ada568cbcea91d878ebbd9a946f1abfb92286d626f02901777b8b478c74733201004c81c19
  languageName: node
  linkType: hard

"multi-buffer-data-view@npm:^3.0.20":
  version: 3.0.24
  resolution: "multi-buffer-data-view@npm:3.0.24"
  dependencies:
    "@babel/runtime": "npm:^7.20.6"
    tslib: "npm:^2.4.1"
  checksum: 10c0/64f33f412425313bef1c01a072012d511aac3789ff288916fc1cc045962de62c2f25bd29346b1b2d453120a1243a1f610212f72dc930dd8ef852ee1e8bc893d3
  languageName: node
  linkType: hard

"react-media-recorder@workspace:.":
  version: 0.0.0-use.local
  resolution: "react-media-recorder@workspace:."
  dependencies:
    "@types/react": "npm:^16.9.11"
    extendable-media-recorder: "npm:^6.6.5"
    extendable-media-recorder-wav-encoder: "npm:^7.0.68"
    jsmin: "npm:^1.0.1"
    typescript: "npm:^4.4.3"
  languageName: unknown
  linkType: soft

"recorder-audio-worklet-processor@npm:^4.2.21":
  version: 4.2.21
  resolution: "recorder-audio-worklet-processor@npm:4.2.21"
  dependencies:
    "@babel/runtime": "npm:^7.21.0"
    tslib: "npm:^2.5.0"
  checksum: 10c0/0ed2b7b8c1e88d13b4960a4ae5e31ed5e7cb3640e3898709037bf7b133c51bf395d346932cf53f4d8ca3f59aa033e1226d6da739a2c6b0123c23c21bb1934395
  languageName: node
  linkType: hard

"recorder-audio-worklet@npm:^5.1.26":
  version: 5.1.39
  resolution: "recorder-audio-worklet@npm:5.1.39"
  dependencies:
    "@babel/runtime": "npm:^7.21.0"
    broker-factory: "npm:^3.0.75"
    fast-unique-numbers: "npm:^7.0.2"
    recorder-audio-worklet-processor: "npm:^4.2.21"
    standardized-audio-context: "npm:^25.3.41"
    subscribable-things: "npm:^2.1.14"
    tslib: "npm:^2.5.0"
    worker-factory: "npm:^6.0.76"
  checksum: 10c0/f9068ed3603fdac5b0d7d80a6d5c6df76ab2c1539805e2d05f9de81d2b178b7750f4f3badb7ce3fbc94fb8f2ba621b94000c21c024b3145614c72d12281f996c
  languageName: node
  linkType: hard

"rxjs-interop@npm:^2.0.0":
  version: 2.0.0
  resolution: "rxjs-interop@npm:2.0.0"
  checksum: 10c0/609d4766630624af138b4def9dcc435b5e2118f72e2e84cda6213315585c7160b40c5d3a88c2c166997f5c28f5ea03451c73d86d240e92e7be5fce25b37b5028
  languageName: node
  linkType: hard

"standardized-audio-context@npm:^25.3.29, standardized-audio-context@npm:^25.3.41":
  version: 25.3.77
  resolution: "standardized-audio-context@npm:25.3.77"
  dependencies:
    "@babel/runtime": "npm:^7.25.6"
    automation-events: "npm:^7.0.9"
    tslib: "npm:^2.7.0"
  checksum: 10c0/41d5e3a64b881691fecd709313045ab9bddb864ed79c6eb51490056cec080e808e9f5b3ef94d734567b9da88f9c95e68cc63a3a0343374b2f865b1a961fb46ef
  languageName: node
  linkType: hard

"subscribable-things@npm:^2.1.14, subscribable-things@npm:^2.1.6":
  version: 2.1.54
  resolution: "subscribable-things@npm:2.1.54"
  dependencies:
    "@babel/runtime": "npm:^7.28.3"
    rxjs-interop: "npm:^2.0.0"
    tslib: "npm:^2.8.1"
  checksum: 10c0/1057b5aca662e4a0c9fded6003d5d89828d11374ccba3a74a649794369c84d7e1504a52c677e5eb6ee86c1a3416fb1c56ab9969fb2d59661991a8e64408fe0d3
  languageName: node
  linkType: hard

"tslib@npm:^2.4.0, tslib@npm:^2.4.1, tslib@npm:^2.5.0, tslib@npm:^2.6.2, tslib@npm:^2.7.0, tslib@npm:^2.8.1":
  version: 2.8.1
  resolution: "tslib@npm:2.8.1"
  checksum: 10c0/9c4759110a19c53f992d9aae23aac5ced636e99887b51b9e61def52611732872ff7668757d4e4c61f19691e36f4da981cd9485e869b4a7408d689f6bf1f14e62
  languageName: node
  linkType: hard

"typescript@npm:^4.4.3":
  version: 4.9.5
  resolution: "typescript@npm:4.9.5"
  bin:
    tsc: bin/tsc
    tsserver: bin/tsserver
  checksum: 10c0/5f6cad2e728a8a063521328e612d7876e12f0d8a8390d3b3aaa452a6a65e24e9ac8ea22beb72a924fd96ea0a49ea63bb4e251fb922b12eedfb7f7a26475e5c56
  languageName: node
  linkType: hard

"typescript@patch:typescript@npm%3A^4.4.3#optional!builtin<compat/typescript>":
  version: 4.9.5
  resolution: "typescript@patch:typescript@npm%3A4.9.5#optional!builtin<compat/typescript>::version=4.9.5&hash=289587"
  bin:
    tsc: bin/tsc
    tsserver: bin/tsserver
  checksum: 10c0/e3333f887c6829dfe0ab6c1dbe0dd1e3e2aeb56c66460cb85c5440c566f900c833d370ca34eb47558c0c69e78ced4bfe09b8f4f98b6de7afed9b84b8d1dd06a1
  languageName: node
  linkType: hard

"worker-factory@npm:^6.0.76":
  version: 6.0.76
  resolution: "worker-factory@npm:6.0.76"
  dependencies:
    "@babel/runtime": "npm:^7.21.0"
    compilerr: "npm:^10.0.2"
    fast-unique-numbers: "npm:^7.0.2"
    tslib: "npm:^2.5.0"
  checksum: 10c0/32a302f50c89fc479dd995093e4e8074efd3fad09073b34ce02810b9d92ee6e9501ff87535eb87ad6d68bd521147f32eebf40315c27969f950b681a6bfdec065
  languageName: node
  linkType: hard

"worker-factory@npm:^7.0.24, worker-factory@npm:^7.0.45":
  version: 7.0.45
  resolution: "worker-factory@npm:7.0.45"
  dependencies:
    "@babel/runtime": "npm:^7.28.3"
    fast-unique-numbers: "npm:^9.0.23"
    tslib: "npm:^2.8.1"
  checksum: 10c0/65624d9b75fe9dd6e6ea0ec04193f02bb6eff96e9a97b646df905898fbf23911d376cd1afd6be57879d191afad86914a05d16d57bd9afb1a77c434c101441580
  languageName: node
  linkType: hard
